PODS:
  - CoreBluetoothMock (0.18.0)
  - MSAL (1.4.0):
    - MSAL/app-lib (= 1.4.0)
  - MSAL/app-lib (1.4.0)

DEPENDENCIES:
  - CoreBluetoothMock
  - MSAL

SPEC REPOS:
  trunk:
    - CoreBluetoothMock
    - MSAL

SPEC CHECKSUMS:
  CoreBluetoothMock: 9de570a29520ea4b1201b8d23a228fb950d12b61
  MSAL: 63e26e0039aa4ff851efbf61266a21851375f506

PODFILE CHECKSUM: 4d80e602f7e7a10a1c7c388a9c8e1105d1d8bc34

COCOAPODS: 1.15.2
